// !$*UTF8*$!
{
	archiveVersion = 1;
	classes = {
	};
	objectVersion = 46;
	objects = {

/* Begin PBXBuildFile section */
		01D39AA01E9D7EFE00EF9198 /* User.swift in Sources */ = {isa = PBXBuildFile; fileRef = 01D39A9F1E9D7EFE00EF9198 /* User.swift */; };
		501CB3BE1E9BF1C0006C98AC /* AppDelegate.swift in Sources */ = {isa = PBXBuildFile; fileRef = 501CB3BD1E9BF1C0006C98AC /* AppDelegate.swift */; };
		501CB3C31E9BF1C0006C98AC /* Main.storyboard in Resources */ = {isa = PBXBuildFile; fileRef = 501CB3C11E9BF1C0006C98AC /* Main.storyboard */; };
		501CB3C51E9BF1C0006C98AC /* Assets.xcassets in Resources */ = {isa = PBXBuildFile; fileRef = 501CB3C41E9BF1C0006C98AC /* Assets.xcassets */; };
		501CB3C81E9BF1C0006C98AC /* LaunchScreen.storyboard in Resources */ = {isa = PBXBuildFile; fileRef = 501CB3C61E9BF1C0006C98AC /* LaunchScreen.storyboard */; };
		501CB3D61E9BF264006C98AC /* CloudKit.framework in Frameworks */ = {isa = PBXBuildFile; fileRef = 501CB3D51E9BF264006C98AC /* CloudKit.framework */; };
		501CB3D81E9BF2CA006C98AC /* HomeViewController.swift in Sources */ = {isa = PBXBuildFile; fileRef = 501CB3D71E9BF2CA006C98AC /* HomeViewController.swift */; };
		503418AC1E9D4259008BC01C /* ProfileController.swift in Sources */ = {isa = PBXBuildFile; fileRef = 503418AB1E9D4259008BC01C /* ProfileController.swift */; };
		503418AE1E9D43FA008BC01C /* HustleController.swift in Sources */ = {isa = PBXBuildFile; fileRef = 503418AD1E9D43FA008BC01C /* HustleController.swift */; };
		50E5909C1E9C660E00B18F1F /* Technical.swift in Sources */ = {isa = PBXBuildFile; fileRef = 50E5909B1E9C660E00B18F1F /* Technical.swift */; };
		E5103F9B1E9C26850038E43F /* JobSearchController.swift in Sources */ = {isa = PBXBuildFile; fileRef = E5103F9A1E9C26850038E43F /* JobSearchController.swift */; };
		E5103F9D1E9C26E50038E43F /* TechnicalController.swift in Sources */ = {isa = PBXBuildFile; fileRef = E5103F9C1E9C26E50038E43F /* TechnicalController.swift */; };
		E5103F9F1E9C26FB0038E43F /* NetworkingController.swift in Sources */ = {isa = PBXBuildFile; fileRef = E5103F9E1E9C26FB0038E43F /* NetworkingController.swift */; };
		E5103FA31E9C3A8A0038E43F /* CloudKit.swift in Sources */ = {isa = PBXBuildFile; fileRef = E5103FA21E9C3A8A0038E43F /* CloudKit.swift */; };
		E5103FA51E9C3E4F0038E43F /* JobSearch.swift in Sources */ = {isa = PBXBuildFile; fileRef = E5103FA41E9C3E4F0038E43F /* JobSearch.swift */; };
		E5CCCEA21E9D32F60069C825 /* Networking.swift in Sources */ = {isa = PBXBuildFile; fileRef = E5CCCEA11E9D32F60069C825 /* Networking.swift */; };
		E5CCCEA41E9D55230069C825 /* JobSearchNib.xib in Resources */ = {isa = PBXBuildFile; fileRef = E5CCCEA31E9D55230069C825 /* JobSearchNib.xib */; };
		E5CCCEA61E9D570C0069C825 /* JobSearchNibCell.swift in Sources */ = {isa = PBXBuildFile; fileRef = E5CCCEA51E9D570C0069C825 /* JobSearchNibCell.swift */; };
/* End PBXBuildFile section */

/* Begin PBXFileReference section */
		01D39A9F1E9D7EFE00EF9198 /* User.swift */ = {isa = PBXFileReference; fileEncoding = 4; lastKnownFileType = sourcecode.swift; path = User.swift; sourceTree = "<group>"; };
		501CB3BA1E9BF1C0006C98AC /* Hustle.app */ = {isa = PBXFileReference; explicitFileType = wrapper.application; includeInIndex = 0; path = Hustle.app; sourceTree = BUILT_PRODUCTS_DIR; };
		501CB3BD1E9BF1C0006C98AC /* AppDelegate.swift */ = {isa = PBXFileReference; lastKnownFileType = sourcecode.swift; path = AppDelegate.swift; sourceTree = "<group>"; };
		501CB3C21E9BF1C0006C98AC /* Base */ = {isa = PBXFileReference; lastKnownFileType = file.storyboard; name = Base; path = Base.lproj/Main.storyboard; sourceTree = "<group>"; };
		501CB3C41E9BF1C0006C98AC /* Assets.xcassets */ = {isa = PBXFileReference; lastKnownFileType = folder.assetcatalog; path = Assets.xcassets; sourceTree = "<group>"; };
		501CB3C71E9BF1C0006C98AC /* Base */ = {isa = PBXFileReference; lastKnownFileType = file.storyboard; name = Base; path = Base.lproj/LaunchScreen.storyboard; sourceTree = "<group>"; };
		501CB3C91E9BF1C0006C98AC /* Info.plist */ = {isa = PBXFileReference; lastKnownFileType = text.plist.xml; path = Info.plist; sourceTree = "<group>"; };
		501CB3D31E9BF25F006C98AC /* Hustle.entitlements */ = {isa = PBXFileReference; lastKnownFileType = text.plist.entitlements; path = Hustle.entitlements; sourceTree = "<group>"; };
		501CB3D51E9BF264006C98AC /* CloudKit.framework */ = {isa = PBXFileReference; lastKnownFileType = wrapper.framework; name = CloudKit.framework; path = System/Library/Frameworks/CloudKit.framework; sourceTree = SDKROOT; };
		501CB3D71E9BF2CA006C98AC /* HomeViewController.swift */ = {isa = PBXFileReference; fileEncoding = 4; lastKnownFileType = sourcecode.swift; path = HomeViewController.swift; sourceTree = "<group>"; };
		503418AB1E9D4259008BC01C /* ProfileController.swift */ = {isa = PBXFileReference; fileEncoding = 4; lastKnownFileType = sourcecode.swift; path = ProfileController.swift; sourceTree = "<group>"; };
		503418AD1E9D43FA008BC01C /* HustleController.swift */ = {isa = PBXFileReference; fileEncoding = 4; lastKnownFileType = sourcecode.swift; path = HustleController.swift; sourceTree = "<group>"; };
		50E5909B1E9C660E00B18F1F /* Technical.swift */ = {isa = PBXFileReference; fileEncoding = 4; lastKnownFileType = sourcecode.swift; path = Technical.swift; sourceTree = "<group>"; };
		E5103F9A1E9C26850038E43F /* JobSearchController.swift */ = {isa = PBXFileReference; fileEncoding = 4; lastKnownFileType = sourcecode.swift; path = JobSearchController.swift; sourceTree = "<group>"; };
		E5103F9C1E9C26E50038E43F /* TechnicalController.swift */ = {isa = PBXFileReference; fileEncoding = 4; lastKnownFileType = sourcecode.swift; path = TechnicalController.swift; sourceTree = "<group>"; };
		E5103F9E1E9C26FB0038E43F /* NetworkingController.swift */ = {isa = PBXFileReference; fileEncoding = 4; lastKnownFileType = sourcecode.swift; path = NetworkingController.swift; sourceTree = "<group>"; };
		E5103FA21E9C3A8A0038E43F /* CloudKit.swift */ = {isa = PBXFileReference; fileEncoding = 4; lastKnownFileType = sourcecode.swift; path = CloudKit.swift; sourceTree = "<group>"; };
		E5103FA41E9C3E4F0038E43F /* JobSearch.swift */ = {isa = PBXFileReference; fileEncoding = 4; lastKnownFileType = sourcecode.swift; path = JobSearch.swift; sourceTree = "<group>"; };
		E5CCCEA11E9D32F60069C825 /* Networking.swift */ = {isa = PBXFileReference; fileEncoding = 4; lastKnownFileType = sourcecode.swift; path = Networking.swift; sourceTree = "<group>"; };
		E5CCCEA31E9D55230069C825 /* JobSearchNib.xib */ = {isa = PBXFileReference; fileEncoding = 4; lastKnownFileType = file.xib; path = JobSearchNib.xib; sourceTree = "<group>"; };
		E5CCCEA51E9D570C0069C825 /* JobSearchNibCell.swift */ = {isa = PBXFileReference; fileEncoding = 4; lastKnownFileType = sourcecode.swift; path = JobSearchNibCell.swift; sourceTree = "<group>"; };
/* End PBXFileReference section */

/* Begin PBXFrameworksBuildPhase section */
		501CB3B71E9BF1BF006C98AC /* Frameworks */ = {
			isa = PBXFrameworksBuildPhase;
			buildActionMask = 2147483647;
			files = (
				501CB3D61E9BF264006C98AC /* CloudKit.framework in Frameworks */,
			);
			runOnlyForDeploymentPostprocessing = 0;
		};
/* End PBXFrameworksBuildPhase section */

/* Begin PBXGroup section */
		501CB3B11E9BF1BF006C98AC = {
			isa = PBXGroup;
			children = (
				501CB3BC1E9BF1C0006C98AC /* Hustle */,
				501CB3BB1E9BF1C0006C98AC /* Products */,
				501CB3D41E9BF264006C98AC /* Frameworks */,
			);
			sourceTree = "<group>";
		};
		501CB3BB1E9BF1C0006C98AC /* Products */ = {
			isa = PBXGroup;
			children = (
				501CB3BA1E9BF1C0006C98AC /* Hustle.app */,
			);
			name = Products;
			sourceTree = "<group>";
		};
		501CB3BC1E9BF1C0006C98AC /* Hustle */ = {
			isa = PBXGroup;
			children = (
				501CB3CF1E9BF1D8006C98AC /* Model */,
				501CB3D01E9BF1EB006C98AC /* View */,
				501CB3D11E9BF1F4006C98AC /* Controller */,
				501CB3D21E9BF233006C98AC /* Supporting */,
			);
			path = Hustle;
			sourceTree = "<group>";
		};
		501CB3CF1E9BF1D8006C98AC /* Model */ = {
			isa = PBXGroup;
			children = (
				01D39A9F1E9D7EFE00EF9198 /* User.swift */,
				E5103FA41E9C3E4F0038E43F /* JobSearch.swift */,
				50E5909B1E9C660E00B18F1F /* Technical.swift */,
				E5CCCEA11E9D32F60069C825 /* Networking.swift */,
			);
			name = Model;
			sourceTree = "<group>";
		};
		501CB3D01E9BF1EB006C98AC /* View */ = {
			isa = PBXGroup;
			children = (
				501CB3C11E9BF1C0006C98AC /* Main.storyboard */,
				E5CCCEA31E9D55230069C825 /* JobSearchNib.xib */,
				E5CCCEA51E9D570C0069C825 /* JobSearchNibCell.swift */,
				501CB3C61E9BF1C0006C98AC /* LaunchScreen.storyboard */,
				501CB3BD1E9BF1C0006C98AC /* AppDelegate.swift */,
			);
			name = View;
			sourceTree = "<group>";
		};
		501CB3D11E9BF1F4006C98AC /* Controller */ = {
			isa = PBXGroup;
			children = (
				503418AD1E9D43FA008BC01C /* HustleController.swift */,
				503418AB1E9D4259008BC01C /* ProfileController.swift */,
				E5103F9A1E9C26850038E43F /* JobSearchController.swift */,
				E5103F9C1E9C26E50038E43F /* TechnicalController.swift */,
				E5103F9E1E9C26FB0038E43F /* NetworkingController.swift */,
				501CB3D71E9BF2CA006C98AC /* HomeViewController.swift */,
				E5103FA21E9C3A8A0038E43F /* CloudKit.swift */,
			);
			name = Controller;
			sourceTree = "<group>";
		};
		501CB3D21E9BF233006C98AC /* Supporting */ = {
			isa = PBXGroup;
			children = (
				501CB3D31E9BF25F006C98AC /* Hustle.entitlements */,
				501CB3C41E9BF1C0006C98AC /* Assets.xcassets */,
				501CB3C91E9BF1C0006C98AC /* Info.plist */,
			);
			name = Supporting;
			sourceTree = "<group>";
		};
		501CB3D41E9BF264006C98AC /* Frameworks */ = {
			isa = PBXGroup;
			children = (
				501CB3D51E9BF264006C98AC /* CloudKit.framework */,
			);
			name = Frameworks;
			sourceTree = "<group>";
		};
/* End PBXGroup section */

/* Begin PBXNativeTarget section */
		501CB3B91E9BF1BF006C98AC /* Hustle */ = {
			isa = PBXNativeTarget;
			buildConfigurationList = 501CB3CC1E9BF1C0006C98AC /* Build configuration list for PBXNativeTarget "Hustle" */;
			buildPhases = (
				501CB3B61E9BF1BF006C98AC /* Sources */,
				501CB3B71E9BF1BF006C98AC /* Frameworks */,
				501CB3B81E9BF1BF006C98AC /* Resources */,
			);
			buildRules = (
			);
			dependencies = (
			);
			name = Hustle;
			productName = Hustle;
			productReference = 501CB3BA1E9BF1C0006C98AC /* Hustle.app */;
			productType = "com.apple.product-type.application";
		};
/* End PBXNativeTarget section */

/* Begin PBXProject section */
		501CB3B21E9BF1BF006C98AC /* Project object */ = {
			isa = PBXProject;
			attributes = {
				LastSwiftUpdateCheck = 0830;
				LastUpgradeCheck = 0830;
				ORGANIZATIONNAME = "Eve Denison";
				TargetAttributes = {
					501CB3B91E9BF1BF006C98AC = {
						CreatedOnToolsVersion = 8.3.1;
						DevelopmentTeam = UG659HW99G;
						ProvisioningStyle = Automatic;
						SystemCapabilities = {
							com.apple.Push = {
								enabled = 1;
							};
							com.apple.iCloud = {
								enabled = 1;
							};
						};
					};
				};
			};
			buildConfigurationList = 501CB3B51E9BF1BF006C98AC /* Build configuration list for PBXProject "Hustle" */;
			compatibilityVersion = "Xcode 3.2";
			developmentRegion = English;
			hasScannedForEncodings = 0;
			knownRegions = (
				en,
				Base,
			);
			mainGroup = 501CB3B11E9BF1BF006C98AC;
			productRefGroup = 501CB3BB1E9BF1C0006C98AC /* Products */;
			projectDirPath = "";
			projectRoot = "";
			targets = (
				501CB3B91E9BF1BF006C98AC /* Hustle */,
			);
		};
/* End PBXProject section */

/* Begin PBXResourcesBuildPhase section */
		501CB3B81E9BF1BF006C98AC /* Resources */ = {
			isa = PBXResourcesBuildPhase;
			buildActionMask = 2147483647;
			files = (
				501CB3C81E9BF1C0006C98AC /* LaunchScreen.storyboard in Resources */,
				501CB3C51E9BF1C0006C98AC /* Assets.xcassets in Resources */,
				501CB3C31E9BF1C0006C98AC /* Main.storyboard in Resources */,
				E5CCCEA41E9D55230069C825 /* JobSearchNib.xib in Resources */,
			);
			runOnlyForDeploymentPostprocessing = 0;
		};
/* End PBXResourcesBuildPhase section */

/* Begin PBXSourcesBuildPhase section */
		501CB3B61E9BF1BF006C98AC /* Sources */ = {
			isa = PBXSourcesBuildPhase;
			buildActionMask = 2147483647;
			files = (
				501CB3BE1E9BF1C0006C98AC /* AppDelegate.swift in Sources */,
				E5CCCEA21E9D32F60069C825 /* Networking.swift in Sources */,
				E5103F9B1E9C26850038E43F /* JobSearchController.swift in Sources */,
				E5CCCEA61E9D570C0069C825 /* JobSearchNibCell.swift in Sources */,
				501CB3D81E9BF2CA006C98AC /* HomeViewController.swift in Sources */,
				E5103FA51E9C3E4F0038E43F /* JobSearch.swift in Sources */,
				503418AC1E9D4259008BC01C /* ProfileController.swift in Sources */,
				E5103FA31E9C3A8A0038E43F /* CloudKit.swift in Sources */,
				503418AE1E9D43FA008BC01C /* HustleController.swift in Sources */,
				50E5909C1E9C660E00B18F1F /* Technical.swift in Sources */,
				E5103F9D1E9C26E50038E43F /* TechnicalController.swift in Sources */,
				01D39AA01E9D7EFE00EF9198 /* User.swift in Sources */,
				E5103F9F1E9C26FB0038E43F /* NetworkingController.swift in Sources */,
			);
			runOnlyForDeploymentPostprocessing = 0;
		};
/* End PBXSourcesBuildPhase section */

/* Begin PBXVariantGroup section */
		501CB3C11E9BF1C0006C98AC /* Main.storyboard */ = {
			isa = PBXVariantGroup;
			children = (
				501CB3C21E9BF1C0006C98AC /* Base */,
			);
			name = Main.storyboard;
			sourceTree = "<group>";
		};
		501CB3C61E9BF1C0006C98AC /* LaunchScreen.storyboard */ = {
			isa = PBXVariantGroup;
			children = (
				501CB3C71E9BF1C0006C98AC /* Base */,
			);
			name = LaunchScreen.storyboard;
			sourceTree = "<group>";
		};
/* End PBXVariantGroup section */

/* Begin XCBuildConfiguration section */
		501CB3CA1E9BF1C0006C98AC /* Debug */ = {
			isa = XCBuildConfiguration;
			buildSettings = {
				ALWAYS_SEARCH_USER_PATHS = NO;
				CLANG_ANALYZER_NONNULL = YES;
				CLANG_ANALYZER_NUMBER_OBJECT_CONVERSION = YES_AGGRESSIVE;
				CLANG_CXX_LANGUAGE_STANDARD = "gnu++0x";
				CLANG_CXX_LIBRARY = "libc++";
				CLANG_ENABLE_MODULES = YES;
				CLANG_ENABLE_OBJC_ARC = YES;
				CLANG_WARN_BOOL_CONVERSION = YES;
				CLANG_WARN_CONSTANT_CONVERSION = YES;
				CLANG_WARN_DIRECT_OBJC_ISA_USAGE = YES_ERROR;
				CLANG_WARN_DOCUMENTATION_COMMENTS = YES;
				CLANG_WARN_EMPTY_BODY = YES;
				CLANG_WARN_ENUM_CONVERSION = YES;
				CLANG_WARN_INFINITE_RECURSION = YES;
				CLANG_WARN_INT_CONVERSION = YES;
				CLANG_WARN_OBJC_ROOT_CLASS = YES_ERROR;
				CLANG_WARN_SUSPICIOUS_MOVE = YES;
				CLANG_WARN_UNREACHABLE_CODE = YES;
				CLANG_WARN__DUPLICATE_METHOD_MATCH = YES;
				"CODE_SIGN_IDENTITY[sdk=iphoneos*]" = "iPhone Developer";
				COPY_PHASE_STRIP = NO;
				DEBUG_INFORMATION_FORMAT = dwarf;
				ENABLE_STRICT_OBJC_MSGSEND = YES;
				ENABLE_TESTABILITY = YES;
				GCC_C_LANGUAGE_STANDARD = gnu99;
				GCC_DYNAMIC_NO_PIC = NO;
				GCC_NO_COMMON_BLOCKS = YES;
				GCC_OPTIMIZATION_LEVEL = 0;
				GCC_PREPROCESSOR_DEFINITIONS = (
					"DEBUG=1",
					"$(inherited)",
				);
				GCC_WARN_64_TO_32_BIT_CONVERSION = YES;
				GCC_WARN_ABOUT_RETURN_TYPE = YES_ERROR;
				GCC_WARN_UNDECLARED_SELECTOR = YES;
				GCC_WARN_UNINITIALIZED_AUTOS = YES_AGGRESSIVE;
				GCC_WARN_UNUSED_FUNCTION = YES;
				GCC_WARN_UNUSED_VARIABLE = YES;
				IPHONEOS_DEPLOYMENT_TARGET = 10.3;
				MTL_ENABLE_DEBUG_INFO = YES;
				ONLY_ACTIVE_ARCH = YES;
				SDKROOT = iphoneos;
				SWIFT_ACTIVE_COMPILATION_CONDITIONS = DEBUG;
				SWIFT_OPTIMIZATION_LEVEL = "-Onone";
				TARGETED_DEVICE_FAMILY = "1,2";
			};
			name = Debug;
		};
		501CB3CB1E9BF1C0006C98AC /* Release */ = {
			isa = XCBuildConfiguration;
			buildSettings = {
				ALWAYS_SEARCH_USER_PATHS = NO;
				CLANG_ANALYZER_NONNULL = YES;
				CLANG_ANALYZER_NUMBER_OBJECT_CONVERSION = YES_AGGRESSIVE;
				CLANG_CXX_LANGUAGE_STANDARD = "gnu++0x";
				CLANG_CXX_LIBRARY = "libc++";
				CLANG_ENABLE_MODULES = YES;
				CLANG_ENABLE_OBJC_ARC = YES;
				CLANG_WARN_BOOL_CONVERSION = YES;
				CLANG_WARN_CONSTANT_CONVERSION = YES;
				CLANG_WARN_DIRECT_OBJC_ISA_USAGE = YES_ERROR;
				CLANG_WARN_DOCUMENTATION_COMMENTS = YES;
				CLANG_WARN_EMPTY_BODY = YES;
				CLANG_WARN_ENUM_CONVERSION = YES;
				CLANG_WARN_INFINITE_RECURSION = YES;
				CLANG_WARN_INT_CONVERSION = YES;
				CLANG_WARN_OBJC_ROOT_CLASS = YES_ERROR;
				CLANG_WARN_SUSPICIOUS_MOVE = YES;
				CLANG_WARN_UNREACHABLE_CODE = YES;
				CLANG_WARN__DUPLICATE_METHOD_MATCH = YES;
				"CODE_SIGN_IDENTITY[sdk=iphoneos*]" = "iPhone Developer";
				COPY_PHASE_STRIP = NO;
				DEBUG_INFORMATION_FORMAT = "dwarf-with-dsym";
				ENABLE_NS_ASSERTIONS = NO;
				ENABLE_STRICT_OBJC_MSGSEND = YES;
				GCC_C_LANGUAGE_STANDARD = gnu99;
				GCC_NO_COMMON_BLOCKS = YES;
				GCC_WARN_64_TO_32_BIT_CONVERSION = YES;
				GCC_WARN_ABOUT_RETURN_TYPE = YES_ERROR;
				GCC_WARN_UNDECLARED_SELECTOR = YES;
				GCC_WARN_UNINITIALIZED_AUTOS = YES_AGGRESSIVE;
				GCC_WARN_UNUSED_FUNCTION = YES;
				GCC_WARN_UNUSED_VARIABLE = YES;
				IPHONEOS_DEPLOYMENT_TARGET = 10.3;
				MTL_ENABLE_DEBUG_INFO = NO;
				SDKROOT = iphoneos;
				SWIFT_OPTIMIZATION_LEVEL = "-Owholemodule";
				TARGETED_DEVICE_FAMILY = "1,2";
				VALIDATE_PRODUCT = YES;
			};
			name = Release;
		};
		501CB3CD1E9BF1C0006C98AC /* Debug */ = {
			isa = XCBuildConfiguration;
			buildSettings = {
				ASSETCATALOG_COMPILER_APPICON_NAME = AppIcon;
				CODE_SIGN_ENTITLEMENTS = Hustle/Hustle.entitlements;
				DEVELOPMENT_TEAM = UG659HW99G;
				INFOPLIST_FILE = Hustle/Info.plist;
				LD_RUNPATH_SEARCH_PATHS = "$(inherited) @executable_path/Frameworks";
				PRODUCT_BUNDLE_IDENTIFIER = com.evedenison.Hustle;
				PRODUCT_NAME = "$(TARGET_NAME)";
				SWIFT_VERSION = 3.0;
			};
			name = Debug;
		};
		501CB3CE1E9BF1C0006C98AC /* Release */ = {
			isa = XCBuildConfiguration;
			buildSettings = {
				ASSETCATALOG_COMPILER_APPICON_NAME = AppIcon;
				CODE_SIGN_ENTITLEMENTS = Hustle/Hustle.entitlements;
				DEVELOPMENT_TEAM = UG659HW99G;
				INFOPLIST_FILE = Hustle/Info.plist;
				LD_RUNPATH_SEARCH_PATHS = "$(inherited) @executable_path/Frameworks";
				PRODUCT_BUNDLE_IDENTIFIER = com.evedenison.Hustle;
				PRODUCT_NAME = "$(TARGET_NAME)";
				SWIFT_VERSION = 3.0;
			};
			name = Release;
		};
/* End XCBuildConfiguration section */

/* Begin XCConfigurationList section */
		501CB3B51E9BF1BF006C98AC /* Build configuration list for PBXProject "Hustle" */ = {
			isa = XCConfigurationList;
			buildConfigurations = (
				501CB3CA1E9BF1C0006C98AC /* Debug */,
				501CB3CB1E9BF1C0006C98AC /* Release */,
			);
			defaultConfigurationIsVisible = 0;
			defaultConfigurationName = Release;
		};
		501CB3CC1E9BF1C0006C98AC /* Build configuration list for PBXNativeTarget "Hustle" */ = {
			isa = XCConfigurationList;
			buildConfigurations = (
				501CB3CD1E9BF1C0006C98AC /* Debug */,
				501CB3CE1E9BF1C0006C98AC /* Release */,
			);
			defaultConfigurationIsVisible = 0;
			defaultConfigurationName = Release;
		};
/* End XCConfigurationList section */
	};
	rootObject = 501CB3B21E9BF1BF006C98AC /* Project object */;
}
